
Microsoft Visual Studio Solution File, Format Version 12.00
# Visual Studio Version 16
VisualStudioVersion = 16.0.30204.135
MinimumVisualStudioVersion = 10.0.40219.1
Project("{FAE04EC0-301F-11D3-BF4B-00C04F79EFBC}") = "Lab2_1_AspNetMVC_DailyBlogger", "Lab2_1_AspNetMVC_DailyBlogger.csproj", "{AEEC1EDE-5C9B-4BCC-A095-5183DD1A1DD7}"
EndProject
Global
	GlobalSection(SolutionConfigurationPlatforms) = preSolution
		Debug|Any CPU = Debug|Any CPU
		Release|Any CPU = Release|Any CPU
	EndGlobalSection
	GlobalSection(ProjectConfigurationPlatforms) = postSolution
		{AEEC1EDE-5C9B-4BCC-A095-5183DD1A1DD7}.Debug|Any CPU.ActiveCfg = Debug|Any CPU
		{AEEC1EDE-5C9B-4BCC-A095-5183DD1A1DD7}.Debug|Any CPU.Build.0 = Debug|Any CPU
		{AEEC1EDE-5C9B-4BCC-A095-5183DD1A1DD7}.Release|Any CPU.ActiveCfg = Release|Any CPU
		{AEEC1EDE-5C9B-4BCC-A095-5183DD1A1DD7}.Release|Any CPU.Build.0 = Release|Any CPU
	EndGlobalSection
	GlobalSection(SolutionProperties) = preSolution
		HideSolutionNode = FALSE
	EndGlobalSection
	GlobalSection(ExtensibilityGlobals) = postSolution
		SolutionGuid = {24D0F1BF-4150-47A3-B02A-3977149F79C1}
	EndGlobalSection
EndGlobal
